PODS:
  - Comet (1.6.2)
  - SwiftRandom (1.0.0)

DEPENDENCIES:
  - Comet (from `../`)
  - SwiftRandom

SPEC REPOS:
  https://github.com/cocoapods/specs.git:
    - SwiftRandom

EXTERNAL SOURCES:
  Comet:
    :path: "../"

SPEC CHECKSUMS:
  Comet: 8bcbfd06ae31740d55f3b254317ab180b8e2110f
  SwiftRandom: 437275c63500ddf5a565cbd56996fb23f12cfc3d

PODFILE CHECKSUM: 82b2419d04e06a2fbdd9a9dac50dde02e6a48b78

COCOAPODS: 1.7.3
